
Microsoft Visual Studio Solution File, Format Version 12.00
# Visual Studio 14
VisualStudioVersion = 14.0.25420.1
MinimumVisualStudioVersion = 10.0.40219.1
Project("{FAE04EC0-301F-11D3-BF4B-00C04F79EFBC}") = "Enigma.Console", "Enigma\Enigma.Console.csproj", "{535FCE45-F827-42A0-AB70-FB35E8381F80}"
EndProject
Project("{FAE04EC0-301F-11D3-BF4B-00C04F79EFBC}") = "Enigma.Plugboard", "Enigma.Plugboard\Enigma.Plugboard.csproj", "{C6F726AA-BDDE-4EF4-BAED-F8AC5959DD36}"
EndProject
Project("{FAE04EC0-301F-11D3-BF4B-00C04F79EFBC}") = "Enigma.Plugboard.Tests", "Enigma.Plugboard.Tests\Enigma.Plugboard.Tests.csproj", "{BF7FDA54-6082-409D-B349-9EA3CF0E78CE}"
EndProject
Global
	GlobalSection(SolutionConfigurationPlatforms) = preSolution
		Debug|Any CPU = Debug|Any CPU
		Release|Any CPU = Release|Any CPU
	EndGlobalSection
	GlobalSection(ProjectConfigurationPlatforms) = postSolution
		{535FCE45-F827-42A0-AB70-FB35E8381F80}.Debug|Any CPU.ActiveCfg = Debug|Any CPU
		{535FCE45-F827-42A0-AB70-FB35E8381F80}.Debug|Any CPU.Build.0 = Debug|Any CPU
		{535FCE45-F827-42A0-AB70-FB35E8381F80}.Release|Any CPU.ActiveCfg = Release|Any CPU
		{535FCE45-F827-42A0-AB70-FB35E8381F80}.Release|Any CPU.Build.0 = Release|Any CPU
		{C6F726AA-BDDE-4EF4-BAED-F8AC5959DD36}.Debug|Any CPU.ActiveCfg = Debug|Any CPU
		{C6F726AA-BDDE-4EF4-BAED-F8AC5959DD36}.Debug|Any CPU.Build.0 = Debug|Any CPU
		{C6F726AA-BDDE-4EF4-BAED-F8AC5959DD36}.Release|Any CPU.ActiveCfg = Release|Any CPU
		{C6F726AA-BDDE-4EF4-BAED-F8AC5959DD36}.Release|Any CPU.Build.0 = Release|Any CPU
		{BF7FDA54-6082-409D-B349-9EA3CF0E78CE}.Debug|Any CPU.ActiveCfg = Debug|Any CPU
		{BF7FDA54-6082-409D-B349-9EA3CF0E78CE}.Debug|Any CPU.Build.0 = Debug|Any CPU
		{BF7FDA54-6082-409D-B349-9EA3CF0E78CE}.Release|Any CPU.ActiveCfg = Release|Any CPU
		{BF7FDA54-6082-409D-B349-9EA3CF0E78CE}.Release|Any CPU.Build.0 = Release|Any CPU
	EndGlobalSection
	GlobalSection(SolutionProperties) = preSolution
		HideSolutionNode = FALSE
	EndGlobalSection
EndGlobal
